// !$*UTF8*$!
{
	archiveVersion = 1;
	classes = {
	};
	objectVersion = 48;
	objects = {

/* Begin PBXBuildFile section */
		7EE3B1C2205792AB00D886D1 /* AppDelegate.swift in Sources */ = {isa = PBXBuildFile; fileRef = 7EE3B1C1205792AB00D886D1 /* AppDelegate.swift */; };
		7EE3B1C4205792AB00D886D1 /* GameScene.sks in Resources */ = {isa = PBXBuildFile; fileRef = 7EE3B1C3205792AB00D886D1 /* GameScene.sks */; };
		7EE3B1C6205792AB00D886D1 /* Actions.sks in Resources */ = {isa = PBXBuildFile; fileRef = 7EE3B1C5205792AB00D886D1 /* Actions.sks */; };
		7EE3B1C8205792AB00D886D1 /* GameScene.swift in Sources */ = {isa = PBXBuildFile; fileRef = 7EE3B1C7205792AB00D886D1 /* GameScene.swift */; };
		7EE3B1CA205792AB00D886D1 /* GameViewController.swift in Sources */ = {isa = PBXBuildFile; fileRef = 7EE3B1C9205792AB00D886D1 /* GameViewController.swift */; };
		7EE3B1CD205792AB00D886D1 /* Main.storyboard in Resources */ = {isa = PBXBuildFile; fileRef = 7EE3B1CB205792AB00D886D1 /* Main.storyboard */; };
		7EE3B1CF205792AB00D886D1 /* Assets.xcassets in Resources */ = {isa = PBXBuildFile; fileRef = 7EE3B1CE205792AB00D886D1 /* Assets.xcassets */; };
		7EE3B1D2205792AB00D886D1 /* LaunchScreen.storyboard in Resources */ = {isa = PBXBuildFile; fileRef = 7EE3B1D0205792AB00D886D1 /* LaunchScreen.storyboard */; };
		7EE3B1DD205792AB00D886D1 /* CarGame2Tests.swift in Sources */ = {isa = PBXBuildFile; fileRef = 7EE3B1DC205792AB00D886D1 /* CarGame2Tests.swift */; };
		7EE3B1E8205792AB00D886D1 /* CarGame2UITests.swift in Sources */ = {isa = PBXBuildFile; fileRef = 7EE3B1E7205792AB00D886D1 /* CarGame2UITests.swift */; };
		7EE3B20B205795C400D886D1 /* road2.png in Resources */ = {isa = PBXBuildFile; fileRef = 7EE3B1F5205795C100D886D1 /* road2.png */; };
		7EE3B20C205795C400D886D1 /* road11.png in Resources */ = {isa = PBXBuildFile; fileRef = 7EE3B1F6205795C100D886D1 /* road11.png */; };
		7EE3B20D205795C400D886D1 /* road6.png in Resources */ = {isa = PBXBuildFile; fileRef = 7EE3B1F7205795C100D886D1 /* road6.png */; };
		7EE3B20E205795C400D886D1 /* redcar.png in Resources */ = {isa = PBXBuildFile; fileRef = 7EE3B1F8205795C200D886D1 /* redcar.png */; };
		7EE3B20F205795C400D886D1 /* road9.png in Resources */ = {isa = PBXBuildFile; fileRef = 7EE3B1F9205795C200D886D1 /* road9.png */; };
		7EE3B210205795C400D886D1 /* road10.png in Resources */ = {isa = PBXBuildFile; fileRef = 7EE3B1FA205795C200D886D1 /* road10.png */; };
		7EE3B211205795C400D886D1 /* road18.png in Resources */ = {isa = PBXBuildFile; fileRef = 7EE3B1FB205795C200D886D1 /* road18.png */; };
		7EE3B212205795C400D886D1 /* yellowcar.png in Resources */ = {isa = PBXBuildFile; fileRef = 7EE3B1FC205795C200D886D1 /* yellowcar.png */; };
		7EE3B213205795C400D886D1 /* road3.png in Resources */ = {isa = PBXBuildFile; fileRef = 7EE3B1FD205795C200D886D1 /* road3.png */; };
		7EE3B214205795C400D886D1 /* road15.png in Resources */ = {isa = PBXBuildFile; fileRef = 7EE3B1FE205795C200D886D1 /* road15.png */; };
		7EE3B215205795C400D886D1 /* road14.png in Resources */ = {isa = PBXBuildFile; fileRef = 7EE3B1FF205795C200D886D1 /* road14.png */; };
		7EE3B216205795C400D886D1 /* road17.png in Resources */ = {isa = PBXBuildFile; fileRef = 7EE3B200205795C300D886D1 /* road17.png */; };
		7EE3B217205795C400D886D1 /* road12.png in Resources */ = {isa = PBXBuildFile; fileRef = 7EE3B201205795C300D886D1 /* road12.png */; };
		7EE3B218205795C400D886D1 /* road1.png in Resources */ = {isa = PBXBuildFile; fileRef = 7EE3B202205795C300D886D1 /* road1.png */; };
		7EE3B219205795C400D886D1 /* road4.png in Resources */ = {isa = PBXBuildFile; fileRef = 7EE3B203205795C300D886D1 /* road4.png */; };
		7EE3B21A205795C400D886D1 /* road5.png in Resources */ = {isa = PBXBuildFile; fileRef = 7EE3B204205795C300D886D1 /* road5.png */; };
		7EE3B21B205795C400D886D1 /* road7.png in Resources */ = {isa = PBXBuildFile; fileRef = 7EE3B205205795C300D886D1 /* road7.png */; };
		7EE3B21C205795C400D886D1 /* road20.png in Resources */ = {isa = PBXBuildFile; fileRef = 7EE3B206205795C300D886D1 /* road20.png */; };
		7EE3B21D205795C400D886D1 /* road19.png in Resources */ = {isa = PBXBuildFile; fileRef = 7EE3B207205795C400D886D1 /* road19.png */; };
		7EE3B21E205795C400D886D1 /* road16.png in Resources */ = {isa = PBXBuildFile; fileRef = 7EE3B208205795C400D886D1 /* road16.png */; };
		7EE3B21F205795C400D886D1 /* road8.png in Resources */ = {isa = PBXBuildFile; fileRef = 7EE3B209205795C400D886D1 /* road8.png */; };
		7EE3B220205795C400D886D1 /* road13.png in Resources */ = {isa = PBXBuildFile; fileRef = 7EE3B20A205795C400D886D1 /* road13.png */; };
		7EE3B222205798DD00D886D1 /* DraggedImage.swift in Sources */ = {isa = PBXBuildFile; fileRef = 7EE3B221205798DD00D886D1 /* DraggedImage.swift */; };
/* End PBXBuildFile section */

/* Begin PBXContainerItemProxy section */
		7EE3B1D9205792AB00D886D1 /* PBXContainerItemProxy */ = {
			isa = PBXContainerItemProxy;
			containerPortal = 7EE3B1B6205792AB00D886D1 /* Project object */;
			proxyType = 1;
			remoteGlobalIDString = 7EE3B1BD205792AB00D886D1;
			remoteInfo = CarGame2;
		};
		7EE3B1E4205792AB00D886D1 /* PBXContainerItemProxy */ = {
			isa = PBXContainerItemProxy;
			containerPortal = 7EE3B1B6205792AB00D886D1 /* Project object */;
			proxyType = 1;
			remoteGlobalIDString = 7EE3B1BD205792AB00D886D1;
			remoteInfo = CarGame2;
		};
/* End PBXContainerItemProxy section */

/* Begin PBXFileReference section */
		7EE3B1BE205792AB00D886D1 /* CarGame2.app */ = {isa = PBXFileReference; explicitFileType = wrapper.application; includeInIndex = 0; path = CarGame2.app; sourceTree = BUILT_PRODUCTS_DIR; };
		7EE3B1C1205792AB00D886D1 /* AppDelegate.swift */ = {isa = PBXFileReference; lastKnownFileType = sourcecode.swift; path = AppDelegate.swift; sourceTree = "<group>"; };
		7EE3B1C3205792AB00D886D1 /* GameScene.sks */ = {isa = PBXFileReference; lastKnownFileType = file.sks; path = GameScene.sks; sourceTree = "<group>"; };
		7EE3B1C5205792AB00D886D1 /* Actions.sks */ = {isa = PBXFileReference; lastKnownFileType = file.sks; path = Actions.sks; sourceTree = "<group>"; };
		7EE3B1C7205792AB00D886D1 /* GameScene.swift */ = {isa = PBXFileReference; lastKnownFileType = sourcecode.swift; path = GameScene.swift; sourceTree = "<group>"; };
		7EE3B1C9205792AB00D886D1 /* GameViewController.swift */ = {isa = PBXFileReference; lastKnownFileType = sourcecode.swift; path = GameViewController.swift; sourceTree = "<group>"; };
		7EE3B1CC205792AB00D886D1 /* Base */ = {isa = PBXFileReference; lastKnownFileType = file.storyboard; name = Base; path = Base.lproj/Main.storyboard; sourceTree = "<group>"; };
		7EE3B1CE205792AB00D886D1 /* Assets.xcassets */ = {isa = PBXFileReference; lastKnownFileType = folder.assetcatalog; path = Assets.xcassets; sourceTree = "<group>"; };
		7EE3B1D1205792AB00D886D1 /* Base */ = {isa = PBXFileReference; lastKnownFileType = file.storyboard; name = Base; path = Base.lproj/LaunchScreen.storyboard; sourceTree = "<group>"; };
		7EE3B1D3205792AB00D886D1 /* Info.plist */ = {isa = PBXFileReference; lastKnownFileType = text.plist.xml; path = Info.plist; sourceTree = "<group>"; };
		7EE3B1D8205792AB00D886D1 /* CarGame2Tests.xctest */ = {isa = PBXFileReference; explicitFileType = wrapper.cfbundle; includeInIndex = 0; path = CarGame2Tests.xctest; sourceTree = BUILT_PRODUCTS_DIR; };
		7EE3B1DC205792AB00D886D1 /* CarGame2Tests.swift */ = {isa = PBXFileReference; lastKnownFileType = sourcecode.swift; path = CarGame2Tests.swift; sourceTree = "<group>"; };
		7EE3B1DE205792AB00D886D1 /* Info.plist */ = {isa = PBXFileReference; lastKnownFileType = text.plist.xml; path = Info.plist; sourceTree = "<group>"; };
		7EE3B1E3205792AB00D886D1 /* CarGame2UITests.xctest */ = {isa = PBXFileReference; explicitFileType = wrapper.cfbundle; includeInIndex = 0; path = CarGame2UITests.xctest; sourceTree = BUILT_PRODUCTS_DIR; };
		7EE3B1E7205792AB00D886D1 /* CarGame2UITests.swift */ = {isa = PBXFileReference; lastKnownFileType = sourcecode.swift; path = CarGame2UITests.swift; sourceTree = "<group>"; };
		7EE3B1E9205792AB00D886D1 /* Info.plist */ = {isa = PBXFileReference; lastKnownFileType = text.plist.xml; path = Info.plist; sourceTree = "<group>"; };
		7EE3B1F5205795C100D886D1 /* road2.png */ = {isa = PBXFileReference; lastKnownFileType = image.png; path = road2.png; sourceTree = "<group>"; };
		7EE3B1F6205795C100D886D1 /* road11.png */ = {isa = PBXFileReference; lastKnownFileType = image.png; path = road11.png; sourceTree = "<group>"; };
		7EE3B1F7205795C100D886D1 /* road6.png */ = {isa = PBXFileReference; lastKnownFileType = image.png; path = road6.png; sourceTree = "<group>"; };
		7EE3B1F8205795C200D886D1 /* redcar.png */ = {isa = PBXFileReference; lastKnownFileType = image.png; path = redcar.png; sourceTree = "<group>"; };
		7EE3B1F9205795C200D886D1 /* road9.png */ = {isa = PBXFileReference; lastKnownFileType = image.png; path = road9.png; sourceTree = "<group>"; };
		7EE3B1FA205795C200D886D1 /* road10.png */ = {isa = PBXFileReference; lastKnownFileType = image.png; path = road10.png; sourceTree = "<group>"; };
		7EE3B1FB205795C200D886D1 /* road18.png */ = {isa = PBXFileReference; lastKnownFileType = image.png; path = road18.png; sourceTree = "<group>"; };
		7EE3B1FC205795C200D886D1 /* yellowcar.png */ = {isa = PBXFileReference; lastKnownFileType = image.png; path = yellowcar.png; sourceTree = "<group>"; };
		7EE3B1FD205795C200D886D1 /* road3.png */ = {isa = PBXFileReference; lastKnownFileType = image.png; path = road3.png; sourceTree = "<group>"; };
		7EE3B1FE205795C200D886D1 /* road15.png */ = {isa = PBXFileReference; lastKnownFileType = image.png; path = road15.png; sourceTree = "<group>"; };
		7EE3B1FF205795C200D886D1 /* road14.png */ = {isa = PBXFileReference; lastKnownFileType = image.png; path = road14.png; sourceTree = "<group>"; };
		7EE3B200205795C300D886D1 /* road17.png */ = {isa = PBXFileReference; lastKnownFileType = image.png; path = road17.png; sourceTree = "<group>"; };
		7EE3B201205795C300D886D1 /* road12.png */ = {isa = PBXFileReference; lastKnownFileType = image.png; path = road12.png; sourceTree = "<group>"; };
		7EE3B202205795C300D886D1 /* road1.png */ = {isa = PBXFileReference; lastKnownFileType = image.png; path = road1.png; sourceTree = "<group>"; };
		7EE3B203205795C300D886D1 /* road4.png */ = {isa = PBXFileReference; lastKnownFileType = image.png; path = road4.png; sourceTree = "<group>"; };
		7EE3B204205795C300D886D1 /* road5.png */ = {isa = PBXFileReference; lastKnownFileType = image.png; path = road5.png; sourceTree = "<group>"; };
		7EE3B205205795C300D886D1 /* road7.png */ = {isa = PBXFileReference; lastKnownFileType = image.png; path = road7.png; sourceTree = "<group>"; };
		7EE3B206205795C300D886D1 /* road20.png */ = {isa = PBXFileReference; lastKnownFileType = image.png; path = road20.png; sourceTree = "<group>"; };
		7EE3B207205795C400D886D1 /* road19.png */ = {isa = PBXFileReference; lastKnownFileType = image.png; path = road19.png; sourceTree = "<group>"; };
		7EE3B208205795C400D886D1 /* road16.png */ = {isa = PBXFileReference; lastKnownFileType = image.png; path = road16.png; sourceTree = "<group>"; };
		7EE3B209205795C400D886D1 /* road8.png */ = {isa = PBXFileReference; lastKnownFileType = image.png; path = road8.png; sourceTree = "<group>"; };
		7EE3B20A205795C400D886D1 /* road13.png */ = {isa = PBXFileReference; lastKnownFileType = image.png; path = road13.png; sourceTree = "<group>"; };
		7EE3B221205798DD00D886D1 /* DraggedImage.swift */ = {isa = PBXFileReference; lastKnownFileType = sourcecode.swift; path = DraggedImage.swift; sourceTree = "<group>"; };
/* End PBXFileReference section */

/* Begin PBXFrameworksBuildPhase section */
		7EE3B1BB205792AB00D886D1 /* Frameworks */ = {
			isa = PBXFrameworksBuildPhase;
			buildActionMask = 2147483647;
			files = (
			);
			runOnlyForDeploymentPostprocessing = 0;
		};
		7EE3B1D5205792AB00D886D1 /* Frameworks */ = {
			isa = PBXFrameworksBuildPhase;
			buildActionMask = 2147483647;
			files = (
			);
			runOnlyForDeploymentPostprocessing = 0;
		};
		7EE3B1E0205792AB00D886D1 /* Frameworks */ = {
			isa = PBXFrameworksBuildPhase;
			buildActionMask = 2147483647;
			files = (
			);
			runOnlyForDeploymentPostprocessing = 0;
		};
/* End PBXFrameworksBuildPhase section */

/* Begin PBXGroup section */
		7EE3B1B5205792AB00D886D1 = {
			isa = PBXGroup;
			children = (
				7EE3B1C0205792AB00D886D1 /* CarGame2 */,
				7EE3B1DB205792AB00D886D1 /* CarGame2Tests */,
				7EE3B1E6205792AB00D886D1 /* CarGame2UITests */,
				7EE3B1BF205792AB00D886D1 /* Products */,
			);
			sourceTree = "<group>";
		};
		7EE3B1BF205792AB00D886D1 /* Products */ = {
			isa = PBXGroup;
			children = (
				7EE3B1BE205792AB00D886D1 /* CarGame2.app */,
				7EE3B1D8205792AB00D886D1 /* CarGame2Tests.xctest */,
				7EE3B1E3205792AB00D886D1 /* CarGame2UITests.xctest */,
			);
			name = Products;
			sourceTree = "<group>";
		};
		7EE3B1C0205792AB00D886D1 /* CarGame2 */ = {
			isa = PBXGroup;
			children = (
				7EE3B1C1205792AB00D886D1 /* AppDelegate.swift */,
				7EE3B1C3205792AB00D886D1 /* GameScene.sks */,
				7EE3B1C5205792AB00D886D1 /* Actions.sks */,
				7EE3B1C7205792AB00D886D1 /* GameScene.swift */,
				7EE3B1C9205792AB00D886D1 /* GameViewController.swift */,
				7EE3B221205798DD00D886D1 /* DraggedImage.swift */,
				7EE3B1CB205792AB00D886D1 /* Main.storyboard */,
				7EE3B1F8205795C200D886D1 /* redcar.png */,
				7EE3B202205795C300D886D1 /* road1.png */,
				7EE3B1F5205795C100D886D1 /* road2.png */,
				7EE3B1FD205795C200D886D1 /* road3.png */,
				7EE3B203205795C300D886D1 /* road4.png */,
				7EE3B204205795C300D886D1 /* road5.png */,
				7EE3B1F7205795C100D886D1 /* road6.png */,
				7EE3B205205795C300D886D1 /* road7.png */,
				7EE3B209205795C400D886D1 /* road8.png */,
				7EE3B1F9205795C200D886D1 /* road9.png */,
				7EE3B1FA205795C200D886D1 /* road10.png */,
				7EE3B1F6205795C100D886D1 /* road11.png */,
				7EE3B201205795C300D886D1 /* road12.png */,
				7EE3B20A205795C400D886D1 /* road13.png */,
				7EE3B1FF205795C200D886D1 /* road14.png */,
				7EE3B1FE205795C200D886D1 /* road15.png */,
				7EE3B208205795C400D886D1 /* road16.png */,
				7EE3B200205795C300D886D1 /* road17.png */,
				7EE3B1FB205795C200D886D1 /* road18.png */,
				7EE3B207205795C400D886D1 /* road19.png */,
				7EE3B206205795C300D886D1 /* road20.png */,
				7EE3B1FC205795C200D886D1 /* yellowcar.png */,
				7EE3B1CE205792AB00D886D1 /* Assets.xcassets */,
				7EE3B1D0205792AB00D886D1 /* LaunchScreen.storyboard */,
				7EE3B1D3205792AB00D886D1 /* Info.plist */,
			);
			path = CarGame2;
			sourceTree = "<group>";
		};
		7EE3B1DB205792AB00D886D1 /* CarGame2Tests */ = {
			isa = PBXGroup;
			children = (
				7EE3B1DC205792AB00D886D1 /* CarGame2Tests.swift */,
				7EE3B1DE205792AB00D886D1 /* Info.plist */,
			);
			path = CarGame2Tests;
			sourceTree = "<group>";
		};
		7EE3B1E6205792AB00D886D1 /* CarGame2UITests */ = {
			isa = PBXGroup;
			children = (
				7EE3B1E7205792AB00D886D1 /* CarGame2UITests.swift */,
				7EE3B1E9205792AB00D886D1 /* Info.plist */,
			);
			path = CarGame2UITests;
			sourceTree = "<group>";
		};
/* End PBXGroup section */

/* Begin PBXNativeTarget section */
		7EE3B1BD205792AB00D886D1 /* CarGame2 */ = {
			isa = PBXNativeTarget;
			buildConfigurationList = 7EE3B1EC205792AB00D886D1 /* Build configuration list for PBXNativeTarget "CarGame2" */;
			buildPhases = (
				7EE3B1BA205792AB00D886D1 /* Sources */,
				7EE3B1BB205792AB00D886D1 /* Frameworks */,
				7EE3B1BC205792AB00D886D1 /* Resources */,
			);
			buildRules = (
			);
			dependencies = (
			);
			name = CarGame2;
			productName = CarGame2;
			productReference = 7EE3B1BE205792AB00D886D1 /* CarGame2.app */;
			productType = "com.apple.product-type.application";
		};
		7EE3B1D7205792AB00D886D1 /* CarGame2Tests */ = {
			isa = PBXNativeTarget;
			buildConfigurationList = 7EE3B1EF205792AB00D886D1 /* Build configuration list for PBXNativeTarget "CarGame2Tests" */;
			buildPhases = (
				7EE3B1D4205792AB00D886D1 /* Sources */,
				7EE3B1D5205792AB00D886D1 /* Frameworks */,
				7EE3B1D6205792AB00D886D1 /* Resources */,
			);
			buildRules = (
			);
			dependencies = (
				7EE3B1DA205792AB00D886D1 /* PBXTargetDependency */,
			);
			name = CarGame2Tests;
			productName = CarGame2Tests;
			productReference = 7EE3B1D8205792AB00D886D1 /* CarGame2Tests.xctest */;
			productType = "com.apple.product-type.bundle.unit-test";
		};
		7EE3B1E2205792AB00D886D1 /* CarGame2UITests */ = {
			isa = PBXNativeTarget;
			buildConfigurationList = 7EE3B1F2205792AB00D886D1 /* Build configuration list for PBXNativeTarget "CarGame2UITests" */;
			buildPhases = (
				7EE3B1DF205792AB00D886D1 /* Sources */,
				7EE3B1E0205792AB00D886D1 /* Frameworks */,
				7EE3B1E1205792AB00D886D1 /* Resources */,
			);
			buildRules = (
			);
			dependencies = (
				7EE3B1E5205792AB00D886D1 /* PBXTargetDependency */,
			);
			name = CarGame2UITests;
			productName = CarGame2UITests;
			productReference = 7EE3B1E3205792AB00D886D1 /* CarGame2UITests.xctest */;
			productType = "com.apple.product-type.bundle.ui-testing";
		};
/* End PBXNativeTarget section */

/* Begin PBXProject section */
		7EE3B1B6205792AB00D886D1 /* Project object */ = {
			isa = PBXProject;
			attributes = {
				LastSwiftUpdateCheck = 0920;
				LastUpgradeCheck = 0920;
				ORGANIZATIONNAME = "Preston Audu";
				TargetAttributes = {
					7EE3B1BD205792AB00D886D1 = {
						CreatedOnToolsVersion = 9.2;
						ProvisioningStyle = Automatic;
					};
					7EE3B1D7205792AB00D886D1 = {
						CreatedOnToolsVersion = 9.2;
						ProvisioningStyle = Automatic;
						TestTargetID = 7EE3B1BD205792AB00D886D1;
					};
					7EE3B1E2205792AB00D886D1 = {
						CreatedOnToolsVersion = 9.2;
						ProvisioningStyle = Automatic;
						TestTargetID = 7EE3B1BD205792AB00D886D1;
					};
				};
			};
			buildConfigurationList = 7EE3B1B9205792AB00D886D1 /* Build configuration list for PBXProject "CarGame2" */;
			compatibilityVersion = "Xcode 8.0";
			developmentRegion = en;
			hasScannedForEncodings = 0;
			knownRegions = (
				en,
				Base,
			);
			mainGroup = 7EE3B1B5205792AB00D886D1;
			productRefGroup = 7EE3B1BF205792AB00D886D1 /* Products */;
			projectDirPath = "";
			projectRoot = "";
			targets = (
				7EE3B1BD205792AB00D886D1 /* CarGame2 */,
				7EE3B1D7205792AB00D886D1 /* CarGame2Tests */,
				7EE3B1E2205792AB00D886D1 /* CarGame2UITests */,
			);
		};
/* End PBXProject section */

/* Begin PBXResourcesBuildPhase section */
		7EE3B1BC205792AB00D886D1 /* Resources */ = {
			isa = PBXResourcesBuildPhase;
			buildActionMask = 2147483647;
			files = (
				7EE3B212205795C400D886D1 /* yellowcar.png in Resources */,
				7EE3B20D205795C400D886D1 /* road6.png in Resources */,
				7EE3B217205795C400D886D1 /* road12.png in Resources */,
				7EE3B21A205795C400D886D1 /* road5.png in Resources */,
				7EE3B20C205795C400D886D1 /* road11.png in Resources */,
				7EE3B20B205795C400D886D1 /* road2.png in Resources */,
				7EE3B210205795C400D886D1 /* road10.png in Resources */,
				7EE3B220205795C400D886D1 /* road13.png in Resources */,
				7EE3B21B205795C400D886D1 /* road7.png in Resources */,
				7EE3B20F205795C400D886D1 /* road9.png in Resources */,
				7EE3B216205795C400D886D1 /* road17.png in Resources */,
				7EE3B1CD205792AB00D886D1 /* Main.storyboard in Resources */,
				7EE3B21E205795C400D886D1 /* road16.png in Resources */,
				7EE3B218205795C400D886D1 /* road1.png in Resources */,
				7EE3B1C4205792AB00D886D1 /* GameScene.sks in Resources */,
				7EE3B21D205795C400D886D1 /* road19.png in Resources */,
				7EE3B215205795C400D886D1 /* road14.png in Resources */,
				7EE3B1CF205792AB00D886D1 /* Assets.xcassets in Resources */,
				7EE3B213205795C400D886D1 /* road3.png in Resources */,
				7EE3B211205795C400D886D1 /* road18.png in Resources */,
				7EE3B21C205795C400D886D1 /* road20.png in Resources */,
				7EE3B214205795C400D886D1 /* road15.png in Resources */,
				7EE3B20E205795C400D886D1 /* redcar.png in Resources */,
				7EE3B1D2205792AB00D886D1 /* LaunchScreen.storyboard in Resources */,
				7EE3B219205795C400D886D1 /* road4.png in Resources */,
				7EE3B21F205795C400D886D1 /* road8.png in Resources */,
				7EE3B1C6205792AB00D886D1 /* Actions.sks in Resources */,
			);
			runOnlyForDeploymentPostprocessing = 0;
		};
		7EE3B1D6205792AB00D886D1 /* Resources */ = {
			isa = PBXResourcesBuildPhase;
			buildActionMask = 2147483647;
			files = (
			);
			runOnlyForDeploymentPostprocessing = 0;
		};
		7EE3B1E1205792AB00D886D1 /* Resources */ = {
			isa = PBXResourcesBuildPhase;
			buildActionMask = 2147483647;
			files = (
			);
			runOnlyForDeploymentPostprocessing = 0;
		};
/* End PBXResourcesBuildPhase section */

/* Begin PBXSourcesBuildPhase section */
		7EE3B1BA205792AB00D886D1 /* Sources */ = {
			isa = PBXSourcesBuildPhase;
			buildActionMask = 2147483647;
			files = (
				7EE3B1C8205792AB00D886D1 /* GameScene.swift in Sources */,
				7EE3B1CA205792AB00D886D1 /* GameViewController.swift in Sources */,
				7EE3B222205798DD00D886D1 /* DraggedImage.swift in Sources */,
				7EE3B1C2205792AB00D886D1 /* AppDelegate.swift in Sources */,
			);
			runOnlyForDeploymentPostprocessing = 0;
		};
		7EE3B1D4205792AB00D886D1 /* Sources */ = {
			isa = PBXSourcesBuildPhase;
			buildActionMask = 2147483647;
			files = (
				7EE3B1DD205792AB00D886D1 /* CarGame2Tests.swift in Sources */,
			);
			runOnlyForDeploymentPostprocessing = 0;
		};
		7EE3B1DF205792AB00D886D1 /* Sources */ = {
			isa = PBXSourcesBuildPhase;
			buildActionMask = 2147483647;
			files = (
				7EE3B1E8205792AB00D886D1 /* CarGame2UITests.swift in Sources */,
			);
			runOnlyForDeploymentPostprocessing = 0;
		};
/* End PBXSourcesBuildPhase section */

/* Begin PBXTargetDependency section */
		7EE3B1DA205792AB00D886D1 /* PBXTargetDependency */ = {
			isa = PBXTargetDependency;
			target = 7EE3B1BD205792AB00D886D1 /* CarGame2 */;
			targetProxy = 7EE3B1D9205792AB00D886D1 /* PBXContainerItemProxy */;
		};
		7EE3B1E5205792AB00D886D1 /* PBXTargetDependency */ = {
			isa = PBXTargetDependency;
			target = 7EE3B1BD205792AB00D886D1 /* CarGame2 */;
			targetProxy = 7EE3B1E4205792AB00D886D1 /* PBXContainerItemProxy */;
		};
/* End PBXTargetDependency section */

/* Begin PBXVariantGroup section */
		7EE3B1CB205792AB00D886D1 /* Main.storyboard */ = {
			isa = PBXVariantGroup;
			children = (
				7EE3B1CC205792AB00D886D1 /* Base */,
			);
			name = Main.storyboard;
			sourceTree = "<group>";
		};
		7EE3B1D0205792AB00D886D1 /* LaunchScreen.storyboard */ = {
			isa = PBXVariantGroup;
			children = (
				7EE3B1D1205792AB00D886D1 /* Base */,
			);
			name = LaunchScreen.storyboard;
			sourceTree = "<group>";
		};
/* End PBXVariantGroup section */

/* Begin XCBuildConfiguration section */
		7EE3B1EA205792AB00D886D1 /* Debug */ = {
			isa = XCBuildConfiguration;
			buildSettings = {
				ALWAYS_SEARCH_USER_PATHS = NO;
				CLANG_ANALYZER_NONNULL = YES;
				CLANG_ANALYZER_NUMBER_OBJECT_CONVERSION = YES_AGGRESSIVE;
				CLANG_CXX_LANGUAGE_STANDARD = "gnu++14";
				CLANG_CXX_LIBRARY = "libc++";
				CLANG_ENABLE_MODULES = YES;
				CLANG_ENABLE_OBJC_ARC = YES;
				CLANG_WARN_BLOCK_CAPTURE_AUTORELEASING = YES;
				CLANG_WARN_BOOL_CONVERSION = YES;
				CLANG_WARN_COMMA = YES;
				CLANG_WARN_CONSTANT_CONVERSION = YES;
				CLANG_WARN_DIRECT_OBJC_ISA_USAGE = YES_ERROR;
				CLANG_WARN_DOCUMENTATION_COMMENTS = YES;
				CLANG_WARN_EMPTY_BODY = YES;
				CLANG_WARN_ENUM_CONVERSION = YES;
				CLANG_WARN_INFINITE_RECURSION = YES;
				CLANG_WARN_INT_CONVERSION = YES;
				CLANG_WARN_NON_LITERAL_NULL_CONVERSION = YES;
				CLANG_WARN_OBJC_LITERAL_CONVERSION = YES;
				CLANG_WARN_OBJC_ROOT_CLASS = YES_ERROR;
				CLANG_WARN_RANGE_LOOP_ANALYSIS = YES;
				CLANG_WARN_STRICT_PROTOTYPES = YES;
				CLANG_WARN_SUSPICIOUS_MOVE = YES;
				CLANG_WARN_UNGUARDED_AVAILABILITY = YES_AGGRESSIVE;
				CLANG_WARN_UNREACHABLE_CODE = YES;
				CLANG_WARN__DUPLICATE_METHOD_MATCH = YES;
				CODE_SIGN_IDENTITY = "iPhone Developer";
				COPY_PHASE_STRIP = NO;
				DEBUG_INFORMATION_FORMAT = dwarf;
				ENABLE_STRICT_OBJC_MSGSEND = YES;
				ENABLE_TESTABILITY = YES;
				GCC_C_LANGUAGE_STANDARD = gnu11;
				GCC_DYNAMIC_NO_PIC = NO;
				GCC_NO_COMMON_BLOCKS = YES;
				GCC_OPTIMIZATION_LEVEL = 0;
				GCC_PREPROCESSOR_DEFINITIONS = (
					"DEBUG=1",
					"$(inherited)",
				);
				GCC_WARN_64_TO_32_BIT_CONVERSION = YES;
				GCC_WARN_ABOUT_RETURN_TYPE = YES_ERROR;
				GCC_WARN_UNDECLARED_SELECTOR = YES;
				GCC_WARN_UNINITIALIZED_AUTOS = YES_AGGRESSIVE;
				GCC_WARN_UNUSED_FUNCTION = YES;
				GCC_WARN_UNUSED_VARIABLE = YES;
				IPHONEOS_DEPLOYMENT_TARGET = 11.2;
				MTL_ENABLE_DEBUG_INFO = YES;
				ONLY_ACTIVE_ARCH = YES;
				SDKROOT = iphoneos;
				SWIFT_ACTIVE_COMPILATION_CONDITIONS = DEBUG;
				SWIFT_OPTIMIZATION_LEVEL = "-Onone";
			};
			name = Debug;
		};
		7EE3B1EB205792AB00D886D1 /* Release */ = {
			isa = XCBuildConfiguration;
			buildSettings = {
				ALWAYS_SEARCH_USER_PATHS = NO;
				CLANG_ANALYZER_NONNULL = YES;
				CLANG_ANALYZER_NUMBER_OBJECT_CONVERSION = YES_AGGRESSIVE;
				CLANG_CXX_LANGUAGE_STANDARD = "gnu++14";
				CLANG_CXX_LIBRARY = "libc++";
				CLANG_ENABLE_MODULES = YES;
				CLANG_ENABLE_OBJC_ARC = YES;
				CLANG_WARN_BLOCK_CAPTURE_AUTORELEASING = YES;
				CLANG_WARN_BOOL_CONVERSION = YES;
				CLANG_WARN_COMMA = YES;
				CLANG_WARN_CONSTANT_CONVERSION = YES;
				CLANG_WARN_DIRECT_OBJC_ISA_USAGE = YES_ERROR;
				CLANG_WARN_DOCUMENTATION_COMMENTS = YES;
				CLANG_WARN_EMPTY_BODY = YES;
				CLANG_WARN_ENUM_CONVERSION = YES;
				CLANG_WARN_INFINITE_RECURSION = YES;
				CLANG_WARN_INT_CONVERSION = YES;
				CLANG_WARN_NON_LITERAL_NULL_CONVERSION = YES;
				CLANG_WARN_OBJC_LITERAL_CONVERSION = YES;
				CLANG_WARN_OBJC_ROOT_CLASS = YES_ERROR;
				CLANG_WARN_RANGE_LOOP_ANALYSIS = YES;
				CLANG_WARN_STRICT_PROTOTYPES = YES;
				CLANG_WARN_SUSPICIOUS_MOVE = YES;
				CLANG_WARN_UNGUARDED_AVAILABILITY = YES_AGGRESSIVE;
				CLANG_WARN_UNREACHABLE_CODE = YES;
				CLANG_WARN__DUPLICATE_METHOD_MATCH = YES;
				CODE_SIGN_IDENTITY = "iPhone Developer";
				COPY_PHASE_STRIP = NO;
				DEBUG_INFORMATION_FORMAT = "dwarf-with-dsym";
				ENABLE_NS_ASSERTIONS = NO;
				ENABLE_STRICT_OBJC_MSGSEND = YES;
				GCC_C_LANGUAGE_STANDARD = gnu11;
				GCC_NO_COMMON_BLOCKS = YES;
				GCC_WARN_64_TO_32_BIT_CONVERSION = YES;
				GCC_WARN_ABOUT_RETURN_TYPE = YES_ERROR;
				GCC_WARN_UNDECLARED_SELECTOR = YES;
				GCC_WARN_UNINITIALIZED_AUTOS = YES_AGGRESSIVE;
				GCC_WARN_UNUSED_FUNCTION = YES;
				GCC_WARN_UNUSED_VARIABLE = YES;
				IPHONEOS_DEPLOYMENT_TARGET = 11.2;
				MTL_ENABLE_DEBUG_INFO = NO;
				SDKROOT = iphoneos;
				SWIFT_OPTIMIZATION_LEVEL = "-Owholemodule";
				VALIDATE_PRODUCT = YES;
			};
			name = Release;
		};
		7EE3B1ED205792AB00D886D1 /* Debug */ = {
			isa = XCBuildConfiguration;
			buildSettings = {
				ASSETCATALOG_COMPILER_APPICON_NAME = AppIcon;
				CODE_SIGN_STYLE = Automatic;
				DEVELOPMENT_TEAM = UN6K8ZM3HK;
				INFOPLIST_FILE = CarGame2/Info.plist;
				LD_RUNPATH_SEARCH_PATHS = "$(inherited) @executable_path/Frameworks";
				PRODUCT_BUNDLE_IDENTIFIER = com.preston.CarGame2;
				PRODUCT_NAME = "$(TARGET_NAME)";
				SWIFT_VERSION = 4.0;
				TARGETED_DEVICE_FAMILY = "1,2";
			};
			name = Debug;
		};
		7EE3B1EE205792AB00D886D1 /* Release */ = {
			isa = XCBuildConfiguration;
			buildSettings = {
				ASSETCATALOG_COMPILER_APPICON_NAME = AppIcon;
				CODE_SIGN_STYLE = Automatic;
				DEVELOPMENT_TEAM = UN6K8ZM3HK;
				INFOPLIST_FILE = CarGame2/Info.plist;
				LD_RUNPATH_SEARCH_PATHS = "$(inherited) @executable_path/Frameworks";
				PRODUCT_BUNDLE_IDENTIFIER = com.preston.CarGame2;
				PRODUCT_NAME = "$(TARGET_NAME)";
				SWIFT_VERSION = 4.0;
				TARGETED_DEVICE_FAMILY = "1,2";
			};
			name = Release;
		};
		7EE3B1F0205792AB00D886D1 /* Debug */ = {
			isa = XCBuildConfiguration;
			buildSettings = {
				ALWAYS_EMBED_SWIFT_STANDARD_LIBRARIES = YES;
				BUNDLE_LOADER = "$(TEST_HOST)";
				CODE_SIGN_STYLE = Automatic;
				DEVELOPMENT_TEAM = UN6K8ZM3HK;
				INFOPLIST_FILE = CarGame2Tests/Info.plist;
				LD_RUNPATH_SEARCH_PATHS = "$(inherited) @executable_path/Frameworks @loader_path/Frameworks";
				PRODUCT_BUNDLE_IDENTIFIER = com.preston.CarGame2Tests;
				PRODUCT_NAME = "$(TARGET_NAME)";
				SWIFT_VERSION = 4.0;
				TARGETED_DEVICE_FAMILY = "1,2";
				TEST_HOST = "$(BUILT_PRODUCTS_DIR)/CarGame2.app/CarGame2";
			};
			name = Debug;
		};
		7EE3B1F1205792AB00D886D1 /* Release */ = {
			isa = XCBuildConfiguration;
			buildSettings = {
				ALWAYS_EMBED_SWIFT_STANDARD_LIBRARIES = YES;
				BUNDLE_LOADER = "$(TEST_HOST)";
				CODE_SIGN_STYLE = Automatic;
				DEVELOPMENT_TEAM = UN6K8ZM3HK;
				INFOPLIST_FILE = CarGame2Tests/Info.plist;
				LD_RUNPATH_SEARCH_PATHS = "$(inherited) @executable_path/Frameworks @loader_path/Frameworks";
				PRODUCT_BUNDLE_IDENTIFIER = com.preston.CarGame2Tests;
				PRODUCT_NAME = "$(TARGET_NAME)";
				SWIFT_VERSION = 4.0;
				TARGETED_DEVICE_FAMILY = "1,2";
				TEST_HOST = "$(BUILT_PRODUCTS_DIR)/CarGame2.app/CarGame2";
			};
			name = Release;
		};
		7EE3B1F3205792AB00D886D1 /* Debug */ = {
			isa = XCBuildConfiguration;
			buildSettings = {
				ALWAYS_EMBED_SWIFT_STANDARD_LIBRARIES = YES;
				CODE_SIGN_STYLE = Automatic;
				DEVELOPMENT_TEAM = UN6K8ZM3HK;
				INFOPLIST_FILE = CarGame2UITests/Info.plist;
				LD_RUNPATH_SEARCH_PATHS = "$(inherited) @executable_path/Frameworks @loader_path/Frameworks";
				PRODUCT_BUNDLE_IDENTIFIER = com.preston.CarGame2UITests;
				PRODUCT_NAME = "$(TARGET_NAME)";
				SWIFT_VERSION = 4.0;
				TARGETED_DEVICE_FAMILY = "1,2";
				TEST_TARGET_NAME = CarGame2;
			};
			name = Debug;
		};
		7EE3B1F4205792AB00D886D1 /* Release */ = {
			isa = XCBuildConfiguration;
			buildSettings = {
				ALWAYS_EMBED_SWIFT_STANDARD_LIBRARIES = YES;
				CODE_SIGN_STYLE = Automatic;
				DEVELOPMENT_TEAM = UN6K8ZM3HK;
				INFOPLIST_FILE = CarGame2UITests/Info.plist;
				LD_RUNPATH_SEARCH_PATHS = "$(inherited) @executable_path/Frameworks @loader_path/Frameworks";
				PRODUCT_BUNDLE_IDENTIFIER = com.preston.CarGame2UITests;
				PRODUCT_NAME = "$(TARGET_NAME)";
				SWIFT_VERSION = 4.0;
				TARGETED_DEVICE_FAMILY = "1,2";
				TEST_TARGET_NAME = CarGame2;
			};
			name = Release;
		};
/* End XCBuildConfiguration section */

/* Begin XCConfigurationList section */
		7EE3B1B9205792AB00D886D1 /* Build configuration list for PBXProject "CarGame2" */ = {
			isa = XCConfigurationList;
			buildConfigurations = (
				7EE3B1EA205792AB00D886D1 /* Debug */,
				7EE3B1EB205792AB00D886D1 /* Release */,
			);
			defaultConfigurationIsVisible = 0;
			defaultConfigurationName = Release;
		};
		7EE3B1EC205792AB00D886D1 /* Build configuration list for PBXNativeTarget "CarGame2" */ = {
			isa = XCConfigurationList;
			buildConfigurations = (
				7EE3B1ED205792AB00D886D1 /* Debug */,
				7EE3B1EE205792AB00D886D1 /* Release */,
			);
			defaultConfigurationIsVisible = 0;
			defaultConfigurationName = Release;
		};
		7EE3B1EF205792AB00D886D1 /* Build configuration list for PBXNativeTarget "CarGame2Tests" */ = {
			isa = XCConfigurationList;
			buildConfigurations = (
				7EE3B1F0205792AB00D886D1 /* Debug */,
				7EE3B1F1205792AB00D886D1 /* Release */,
			);
			defaultConfigurationIsVisible = 0;
			defaultConfigurationName = Release;
		};
		7EE3B1F2205792AB00D886D1 /* Build configuration list for PBXNativeTarget "CarGame2UITests" */ = {
			isa = XCConfigurationList;
			buildConfigurations = (
				7EE3B1F3205792AB00D886D1 /* Debug */,
				7EE3B1F4205792AB00D886D1 /* Release */,
			);
			defaultConfigurationIsVisible = 0;
			defaultConfigurationName = Release;
		};
/* End XCConfigurationList section */
	};
	rootObject = 7EE3B1B6205792AB00D886D1 /* Project object */;
}
